
Microsoft Visual Studio Solution File, Format Version 12.00
# Visual Studio Version 16
VisualStudioVersion = 16.0.30717.126
MinimumVisualStudioVersion = 10.0.40219.1
Project("{FAE04EC0-301F-11D3-BF4B-00C04F79EFBC}") = "dr2_dump", "dr2_dump\dr2_dump.csproj", "{5673B666-CB96-42A8-836E-58D82E9208CF}"
EndProject
Global
	GlobalSection(SolutionConfigurationPlatforms) = preSolution
		Debug|Any CPU = Debug|Any CPU
		Release|Any CPU = Release|Any CPU
	EndGlobalSection
	GlobalSection(ProjectConfigurationPlatforms) = postSolution
		{5673B666-CB96-42A8-836E-58D82E9208CF}.Debug|Any CPU.ActiveCfg = Debug|Any CPU
		{5673B666-CB96-42A8-836E-58D82E9208CF}.Debug|Any CPU.Build.0 = Debug|Any CPU
		{5673B666-CB96-42A8-836E-58D82E9208CF}.Release|Any CPU.ActiveCfg = Release|Any CPU
		{5673B666-CB96-42A8-836E-58D82E9208CF}.Release|Any CPU.Build.0 = Release|Any CPU
	EndGlobalSection
	GlobalSection(SolutionProperties) = preSolution
		HideSolutionNode = FALSE
	EndGlobalSection
	GlobalSection(ExtensibilityGlobals) = postSolution
		SolutionGuid = {5E06706E-8CC1-4475-AAF1-F78E054F31DB}
	EndGlobalSection
EndGlobal
